{
  "name": ".idea",
  "version": "1.0.0",
  "lockfileVersion": 2,
  "requires": true,
  "packages": {
    "": {
      "name": ".idea",
      "version": "1.0.0",
      "dependencies": {
        "platformsh-config": "^2.4.1"
      }
    },
    "node_modules/platformsh-config": {
      "version": "2.4.1",
      "resolved": "https://registry.npmjs.org/platformsh-config/-/platformsh-config-2.4.1.tgz",
      "integrity": "sha512-7uiWcjhP0Q7/MDBpdcaZG5X4lCMXcU1va9h4yJZyAAtMpHZoogd/C/+5ucc94z3W40FJwf07MO5p15ZrGzDfQA=="
    }
  },
  "dependencies": {
    "platformsh-config": {
      "version": "2.4.1",
      "resolved": "https://registry.npmjs.org/platformsh-config/-/platformsh-config-2.4.1.tgz",
      "integrity": "sha512-7uiWcjhP0Q7/MDBpdcaZG5X4lCMXcU1va9h4yJZyAAtMpHZoogd/C/+5ucc94z3W40FJwf07MO5p15ZrGzDfQA=="
    }
  }
}
